
Microsoft Visual Studio Solution File, Format Version 12.00
# Visual Studio Version 17
VisualStudioVersion = 17.0.32014.148
MinimumVisualStudioVersion = 10.0.40219.1
Project("{FAE04EC0-301F-11D3-BF4B-00C04F79EFBC}") = "WINDOWSFORm", "WINDOWSFORm\WINDOWSFORm.csproj", "{B546CE39-E0C1-4399-84E8-B6FCD77825EB}"
EndProject
Global
	GlobalSection(SolutionConfigurationPlatforms) = preSolution
		Debug|Any CPU = Debug|Any CPU
		Release|Any CPU = Release|Any CPU
	EndGlobalSection
	GlobalSection(ProjectConfigurationPlatforms) = postSolution
		{B546CE39-E0C1-4399-84E8-B6FCD77825EB}.Debug|Any CPU.ActiveCfg = Debug|Any CPU
		{B546CE39-E0C1-4399-84E8-B6FCD77825EB}.Debug|Any CPU.Build.0 = Debug|Any CPU
		{B546CE39-E0C1-4399-84E8-B6FCD77825EB}.Release|Any CPU.ActiveCfg = Release|Any CPU
		{B546CE39-E0C1-4399-84E8-B6FCD77825EB}.Release|Any CPU.Build.0 = Release|Any CPU
	EndGlobalSection
	GlobalSection(SolutionProperties) = preSolution
		HideSolutionNode = FALSE
	EndGlobalSection
	GlobalSection(ExtensibilityGlobals) = postSolution
		SolutionGuid = {0CA37F22-6DA6-48C1-8583-2F2E9EC6511D}
	EndGlobalSection
EndGlobal
